
Microsoft Visual Studio Solution File, Format Version 12.00
# Visual Studio Version 17
VisualStudioVersion = 17.0.31808.319
MinimumVisualStudioVersion = 10.0.40219.1
Project("{FAE04EC0-301F-11D3-BF4B-00C04F79EFBC}") = "53577900042258.Android", "53577900042258\53577900042258.Android\53577900042258.Android.csproj", "{2EC28ABD-9275-411A-8173-2618759955BD}"
EndProject
Project("{FAE04EC0-301F-11D3-BF4B-00C04F79EFBC}") = "53577900042258.iOS", "53577900042258\53577900042258.iOS\53577900042258.iOS.csproj", "{EA64FA5F-9D72-4646-AD4A-93B550AF0242}"
EndProject
Project("{FAE04EC0-301F-11D3-BF4B-00C04F79EFBC}") = "53577900042258", "53577900042258\53577900042258\53577900042258.csproj", "{D4D6A781-BA5A-44AF-9BF1-D0AEB607C46A}"
EndProject
Global
	GlobalSection(SolutionConfigurationPlatforms) = preSolution
		Debug|Any CPU = Debug|Any CPU
		Debug|iPhone = Debug|iPhone
		Debug|iPhoneSimulator = Debug|iPhoneSimulator
		Release|Any CPU = Release|Any CPU
		Release|iPhone = Release|iPhone
		Release|iPhoneSimulator = Release|iPhoneSimulator
	EndGlobalSection
	GlobalSection(ProjectConfigurationPlatforms) = postSolution
		{2EC28ABD-9275-411A-8173-2618759955BD}.Debug|Any CPU.ActiveCfg = Debug|Any CPU
		{2EC28ABD-9275-411A-8173-2618759955BD}.Debug|Any CPU.Build.0 = Debug|Any CPU
		{2EC28ABD-9275-411A-8173-2618759955BD}.Debug|Any CPU.Deploy.0 = Debug|Any CPU
		{2EC28ABD-9275-411A-8173-2618759955BD}.Debug|iPhone.ActiveCfg = Debug|Any CPU
		{2EC28ABD-9275-411A-8173-2618759955BD}.Debug|iPhone.Build.0 = Debug|Any CPU
		{2EC28ABD-9275-411A-8173-2618759955BD}.Debug|iPhone.Deploy.0 = Debug|Any CPU
		{2EC28ABD-9275-411A-8173-2618759955BD}.Debug|iPhoneSimulator.ActiveCfg = Debug|Any CPU
		{2EC28ABD-9275-411A-8173-2618759955BD}.Debug|iPhoneSimulator.Build.0 = Debug|Any CPU
		{2EC28ABD-9275-411A-8173-2618759955BD}.Debug|iPhoneSimulator.Deploy.0 = Debug|Any CPU
		{2EC28ABD-9275-411A-8173-2618759955BD}.Release|Any CPU.ActiveCfg = Release|Any CPU
		{2EC28ABD-9275-411A-8173-2618759955BD}.Release|Any CPU.Build.0 = Release|Any CPU
		{2EC28ABD-9275-411A-8173-2618759955BD}.Release|Any CPU.Deploy.0 = Release|Any CPU
		{2EC28ABD-9275-411A-8173-2618759955BD}.Release|iPhone.ActiveCfg = Release|Any CPU
		{2EC28ABD-9275-411A-8173-2618759955BD}.Release|iPhone.Build.0 = Release|Any CPU
		{2EC28ABD-9275-411A-8173-2618759955BD}.Release|iPhone.Deploy.0 = Release|Any CPU
		{2EC28ABD-9275-411A-8173-2618759955BD}.Release|iPhoneSimulator.ActiveCfg = Release|Any CPU
		{2EC28ABD-9275-411A-8173-2618759955BD}.Release|iPhoneSimulator.Build.0 = Release|Any CPU
		{2EC28ABD-9275-411A-8173-2618759955BD}.Release|iPhoneSimulator.Deploy.0 = Release|Any CPU
		{EA64FA5F-9D72-4646-AD4A-93B550AF0242}.Debug|Any CPU.ActiveCfg = Debug|iPhone
		{EA64FA5F-9D72-4646-AD4A-93B550AF0242}.Debug|Any CPU.Build.0 = Debug|iPhone
		{EA64FA5F-9D72-4646-AD4A-93B550AF0242}.Debug|Any CPU.Deploy.0 = Debug|iPhone
		{EA64FA5F-9D72-4646-AD4A-93B550AF0242}.Debug|iPhone.ActiveCfg = Debug|iPhone
		{EA64FA5F-9D72-4646-AD4A-93B550AF0242}.Debug|iPhone.Build.0 = Debug|iPhone
		{EA64FA5F-9D72-4646-AD4A-93B550AF0242}.Debug|iPhone.Deploy.0 = Debug|iPhone
		{EA64FA5F-9D72-4646-AD4A-93B550AF0242}.Debug|iPhoneSimulator.ActiveCfg = Debug|iPhoneSimulator
		{EA64FA5F-9D72-4646-AD4A-93B550AF0242}.Debug|iPhoneSimulator.Build.0 = Debug|iPhoneSimulator
		{EA64FA5F-9D72-4646-AD4A-93B550AF0242}.Debug|iPhoneSimulator.Deploy.0 = Debug|iPhoneSimulator
		{EA64FA5F-9D72-4646-AD4A-93B550AF0242}.Release|Any CPU.ActiveCfg = Release|iPhoneSimulator
		{EA64FA5F-9D72-4646-AD4A-93B550AF0242}.Release|Any CPU.Build.0 = Release|iPhoneSimulator
		{EA64FA5F-9D72-4646-AD4A-93B550AF0242}.Release|Any CPU.Deploy.0 = Release|iPhoneSimulator
		{EA64FA5F-9D72-4646-AD4A-93B550AF0242}.Release|iPhone.ActiveCfg = Release|iPhone
		{EA64FA5F-9D72-4646-AD4A-93B550AF0242}.Release|iPhone.Build.0 = Release|iPhone
		{EA64FA5F-9D72-4646-AD4A-93B550AF0242}.Release|iPhone.Deploy.0 = Release|iPhone
		{EA64FA5F-9D72-4646-AD4A-93B550AF0242}.Release|iPhoneSimulator.ActiveCfg = Release|iPhoneSimulator
		{EA64FA5F-9D72-4646-AD4A-93B550AF0242}.Release|iPhoneSimulator.Build.0 = Release|iPhoneSimulator
		{EA64FA5F-9D72-4646-AD4A-93B550AF0242}.Release|iPhoneSimulator.Deploy.0 = Release|iPhoneSimulator
		{D4D6A781-BA5A-44AF-9BF1-D0AEB607C46A}.Debug|Any CPU.ActiveCfg = Debug|Any CPU
		{D4D6A781-BA5A-44AF-9BF1-D0AEB607C46A}.Debug|Any CPU.Build.0 = Debug|Any CPU
		{D4D6A781-BA5A-44AF-9BF1-D0AEB607C46A}.Debug|Any CPU.Deploy.0 = Debug|Any CPU
		{D4D6A781-BA5A-44AF-9BF1-D0AEB607C46A}.Debug|iPhone.ActiveCfg = Debug|Any CPU
		{D4D6A781-BA5A-44AF-9BF1-D0AEB607C46A}.Debug|iPhone.Build.0 = Debug|Any CPU
		{D4D6A781-BA5A-44AF-9BF1-D0AEB607C46A}.Debug|iPhone.Deploy.0 = Debug|Any CPU
		{D4D6A781-BA5A-44AF-9BF1-D0AEB607C46A}.Debug|iPhoneSimulator.ActiveCfg = Debug|Any CPU
		{D4D6A781-BA5A-44AF-9BF1-D0AEB607C46A}.Debug|iPhoneSimulator.Build.0 = Debug|Any CPU
		{D4D6A781-BA5A-44AF-9BF1-D0AEB607C46A}.Debug|iPhoneSimulator.Deploy.0 = Debug|Any CPU
		{D4D6A781-BA5A-44AF-9BF1-D0AEB607C46A}.Release|Any CPU.ActiveCfg = Release|Any CPU
		{D4D6A781-BA5A-44AF-9BF1-D0AEB607C46A}.Release|Any CPU.Build.0 = Release|Any CPU
		{D4D6A781-BA5A-44AF-9BF1-D0AEB607C46A}.Release|Any CPU.Deploy.0 = Release|Any CPU
		{D4D6A781-BA5A-44AF-9BF1-D0AEB607C46A}.Release|iPhone.ActiveCfg = Release|Any CPU
		{D4D6A781-BA5A-44AF-9BF1-D0AEB607C46A}.Release|iPhone.Build.0 = Release|Any CPU
		{D4D6A781-BA5A-44AF-9BF1-D0AEB607C46A}.Release|iPhone.Deploy.0 = Release|Any CPU
		{D4D6A781-BA5A-44AF-9BF1-D0AEB607C46A}.Release|iPhoneSimulator.ActiveCfg = Release|Any CPU
		{D4D6A781-BA5A-44AF-9BF1-D0AEB607C46A}.Release|iPhoneSimulator.Build.0 = Release|Any CPU
		{D4D6A781-BA5A-44AF-9BF1-D0AEB607C46A}.Release|iPhoneSimulator.Deploy.0 = Release|Any CPU
	EndGlobalSection
	GlobalSection(SolutionProperties) = preSolution
		HideSolutionNode = FALSE
	EndGlobalSection
	GlobalSection(ExtensibilityGlobals) = postSolution
		SolutionGuid = {B0280AE3-B6F7-4295-9D18-2C20A72E2E86}
	EndGlobalSection
EndGlobal
